
Microsoft Visual Studio Solution File, Format Version 12.00
# Visual Studio 15
VisualStudioVersion = 15.0.28307.168
MinimumVisualStudioVersion = 10.0.40219.1
Project("{8BC9CEB8-8B4A-11D0-8D11-00A0C91BC942}") = "LAB05", "LAB05\LAB05.vcxproj", "{D55561E0-70AB-445E-81EC-8AF1B5F158E2}"
EndProject
Global
	GlobalSection(SolutionConfigurationPlatforms) = preSolution
		Debug|x64 = Debug|x64
		Debug|x86 = Debug|x86
		Release|x64 = Release|x64
		Release|x86 = Release|x86
	EndGlobalSection
	GlobalSection(ProjectConfigurationPlatforms) = postSolution
		{D55561E0-70AB-445E-81EC-8AF1B5F158E2}.Debug|x64.ActiveCfg = Debug|x64
		{D55561E0-70AB-445E-81EC-8AF1B5F158E2}.Debug|x64.Build.0 = Debug|x64
		{D55561E0-70AB-445E-81EC-8AF1B5F158E2}.Debug|x86.ActiveCfg = Debug|Win32
		{D55561E0-70AB-445E-81EC-8AF1B5F158E2}.Debug|x86.Build.0 = Debug|Win32
		{D55561E0-70AB-445E-81EC-8AF1B5F158E2}.Release|x64.ActiveCfg = Release|x64
		{D55561E0-70AB-445E-81EC-8AF1B5F158E2}.Release|x64.Build.0 = Release|x64
		{D55561E0-70AB-445E-81EC-8AF1B5F158E2}.Release|x86.ActiveCfg = Release|Win32
		{D55561E0-70AB-445E-81EC-8AF1B5F158E2}.Release|x86.Build.0 = Release|Win32
	EndGlobalSection
	GlobalSection(SolutionProperties) = preSolution
		HideSolutionNode = FALSE
	EndGlobalSection
	GlobalSection(ExtensibilityGlobals) = postSolution
		SolutionGuid = {C74B4D94-8F12-45A0-A5BC-E064C31DDB20}
	EndGlobalSection
EndGlobal
